
Microsoft Visual Studio Solution File, Format Version 12.00
Project("{FAE04EC0-301F-11D3-BF4B-00C04F79EFBC}") = "Server", "Server\Server.csproj", "{F71CA53F-8A94-4741-9050-6D6F25625D24}"
	ProjectSection(SolutionItems) = preProject
		web.yml = web.yml
		testing.yml = testing.yml
	EndProjectSection
EndProject
Project("{FAE04EC0-301F-11D3-BF4B-00C04F79EFBC}") = "DataAccess", "DataAccess\DataAccess.csproj", "{DCBC10D0-C4D3-4492-9417-E05C47981E51}"
EndProject
Project("{FAE04EC0-301F-11D3-BF4B-00C04F79EFBC}") = "Domain", "Domain\Domain.csproj", "{78225342-B652-4643-AF65-42C6EA512BC1}"
EndProject
Project("{FAE04EC0-301F-11D3-BF4B-00C04F79EFBC}") = "Logic", "Logic\Logic.csproj", "{44CB7712-4AA9-4BCE-8730-459F71D914A8}"
EndProject
Project("{2150E333-8FDC-42A3-9474-1A3956D46DE8}") = "Tests", "Tests", "{B640AD76-F982-4CBF-96AD-933E53524AA6}"
EndProject
Project("{FAE04EC0-301F-11D3-BF4B-00C04F79EFBC}") = "UnitTests", "UnitTests\UnitTests.csproj", "{D821E248-C76D-4CC0-890A-D4FD977ED823}"
EndProject
Project("{FAE04EC0-301F-11D3-BF4B-00C04F79EFBC}") = "IntegrationTests", "Tests\IntegrationTests\IntegrationTests.csproj", "{C22420CF-F173-4C3B-BC49-51D5CBCDA741}"
EndProject
Project("{FAE04EC0-301F-11D3-BF4B-00C04F79EFBC}") = "DatabasePopulator", "DatabasePopulator\DatabasePopulator.csproj", "{CFAFBA28-D156-4558-8A0E-D88EEEFB42A1}"
EndProject
Project("{FAE04EC0-301F-11D3-BF4B-00C04F79EFBC}") = "DTOs", "DTOs\DTOs.csproj", "{139305F0-0245-498F-94B8-E2664DC43CF8}"
EndProject
Project("{FAE04EC0-301F-11D3-BF4B-00C04F79EFBC}") = "TestBase", "Tests\TestBase\TestBase.csproj", "{B6405F32-3786-4B76-858E-5369037994B1}"
EndProject
Project("{FAE04EC0-301F-11D3-BF4B-00C04F79EFBC}") = "E2ETests", "Tests\E2ETests\E2ETests.csproj", "{6668BD35-0214-4EC2-AECB-9D0E40C0ACF4}"
EndProject
Project("{FAE04EC0-301F-11D3-BF4B-00C04F79EFBC}") = "BDDTests", "Tests\BDDTests\BDDTests.csproj", "{B8E330D4-3885-4058-AC5F-BCD1FE344D52}"
EndProject
Global
	GlobalSection(SolutionConfigurationPlatforms) = preSolution
		Debug|Any CPU = Debug|Any CPU
		Release|Any CPU = Release|Any CPU
	EndGlobalSection
	GlobalSection(ProjectConfigurationPlatforms) = postSolution
		{F71CA53F-8A94-4741-9050-6D6F25625D24}.Debug|Any CPU.ActiveCfg = Debug|Any CPU
		{F71CA53F-8A94-4741-9050-6D6F25625D24}.Debug|Any CPU.Build.0 = Debug|Any CPU
		{F71CA53F-8A94-4741-9050-6D6F25625D24}.Release|Any CPU.ActiveCfg = Release|Any CPU
		{F71CA53F-8A94-4741-9050-6D6F25625D24}.Release|Any CPU.Build.0 = Release|Any CPU
		{DCBC10D0-C4D3-4492-9417-E05C47981E51}.Debug|Any CPU.ActiveCfg = Debug|Any CPU
		{DCBC10D0-C4D3-4492-9417-E05C47981E51}.Debug|Any CPU.Build.0 = Debug|Any CPU
		{DCBC10D0-C4D3-4492-9417-E05C47981E51}.Release|Any CPU.ActiveCfg = Release|Any CPU
		{DCBC10D0-C4D3-4492-9417-E05C47981E51}.Release|Any CPU.Build.0 = Release|Any CPU
		{78225342-B652-4643-AF65-42C6EA512BC1}.Debug|Any CPU.ActiveCfg = Debug|Any CPU
		{78225342-B652-4643-AF65-42C6EA512BC1}.Debug|Any CPU.Build.0 = Debug|Any CPU
		{78225342-B652-4643-AF65-42C6EA512BC1}.Release|Any CPU.ActiveCfg = Release|Any CPU
		{78225342-B652-4643-AF65-42C6EA512BC1}.Release|Any CPU.Build.0 = Release|Any CPU
		{44CB7712-4AA9-4BCE-8730-459F71D914A8}.Debug|Any CPU.ActiveCfg = Debug|Any CPU
		{44CB7712-4AA9-4BCE-8730-459F71D914A8}.Debug|Any CPU.Build.0 = Debug|Any CPU
		{44CB7712-4AA9-4BCE-8730-459F71D914A8}.Release|Any CPU.ActiveCfg = Release|Any CPU
		{44CB7712-4AA9-4BCE-8730-459F71D914A8}.Release|Any CPU.Build.0 = Release|Any CPU
		{D821E248-C76D-4CC0-890A-D4FD977ED823}.Debug|Any CPU.ActiveCfg = Debug|Any CPU
		{D821E248-C76D-4CC0-890A-D4FD977ED823}.Debug|Any CPU.Build.0 = Debug|Any CPU
		{D821E248-C76D-4CC0-890A-D4FD977ED823}.Release|Any CPU.ActiveCfg = Release|Any CPU
		{D821E248-C76D-4CC0-890A-D4FD977ED823}.Release|Any CPU.Build.0 = Release|Any CPU
		{C22420CF-F173-4C3B-BC49-51D5CBCDA741}.Debug|Any CPU.ActiveCfg = Debug|Any CPU
		{C22420CF-F173-4C3B-BC49-51D5CBCDA741}.Debug|Any CPU.Build.0 = Debug|Any CPU
		{C22420CF-F173-4C3B-BC49-51D5CBCDA741}.Release|Any CPU.ActiveCfg = Release|Any CPU
		{C22420CF-F173-4C3B-BC49-51D5CBCDA741}.Release|Any CPU.Build.0 = Release|Any CPU
		{CFAFBA28-D156-4558-8A0E-D88EEEFB42A1}.Debug|Any CPU.ActiveCfg = Debug|Any CPU
		{CFAFBA28-D156-4558-8A0E-D88EEEFB42A1}.Debug|Any CPU.Build.0 = Debug|Any CPU
		{CFAFBA28-D156-4558-8A0E-D88EEEFB42A1}.Release|Any CPU.ActiveCfg = Release|Any CPU
		{CFAFBA28-D156-4558-8A0E-D88EEEFB42A1}.Release|Any CPU.Build.0 = Release|Any CPU
		{139305F0-0245-498F-94B8-E2664DC43CF8}.Debug|Any CPU.ActiveCfg = Debug|Any CPU
		{139305F0-0245-498F-94B8-E2664DC43CF8}.Debug|Any CPU.Build.0 = Debug|Any CPU
		{139305F0-0245-498F-94B8-E2664DC43CF8}.Release|Any CPU.ActiveCfg = Release|Any CPU
		{139305F0-0245-498F-94B8-E2664DC43CF8}.Release|Any CPU.Build.0 = Release|Any CPU
		{B6405F32-3786-4B76-858E-5369037994B1}.Debug|Any CPU.ActiveCfg = Debug|Any CPU
		{B6405F32-3786-4B76-858E-5369037994B1}.Debug|Any CPU.Build.0 = Debug|Any CPU
		{B6405F32-3786-4B76-858E-5369037994B1}.Release|Any CPU.ActiveCfg = Release|Any CPU
		{B6405F32-3786-4B76-858E-5369037994B1}.Release|Any CPU.Build.0 = Release|Any CPU
		{6668BD35-0214-4EC2-AECB-9D0E40C0ACF4}.Debug|Any CPU.ActiveCfg = Debug|Any CPU
		{6668BD35-0214-4EC2-AECB-9D0E40C0ACF4}.Debug|Any CPU.Build.0 = Debug|Any CPU
		{6668BD35-0214-4EC2-AECB-9D0E40C0ACF4}.Release|Any CPU.ActiveCfg = Release|Any CPU
		{6668BD35-0214-4EC2-AECB-9D0E40C0ACF4}.Release|Any CPU.Build.0 = Release|Any CPU
		{B8E330D4-3885-4058-AC5F-BCD1FE344D52}.Debug|Any CPU.ActiveCfg = Debug|Any CPU
		{B8E330D4-3885-4058-AC5F-BCD1FE344D52}.Debug|Any CPU.Build.0 = Debug|Any CPU
		{B8E330D4-3885-4058-AC5F-BCD1FE344D52}.Release|Any CPU.ActiveCfg = Release|Any CPU
		{B8E330D4-3885-4058-AC5F-BCD1FE344D52}.Release|Any CPU.Build.0 = Release|Any CPU
	EndGlobalSection
	GlobalSection(NestedProjects) = preSolution
		{D821E248-C76D-4CC0-890A-D4FD977ED823} = {B640AD76-F982-4CBF-96AD-933E53524AA6}
		{C22420CF-F173-4C3B-BC49-51D5CBCDA741} = {B640AD76-F982-4CBF-96AD-933E53524AA6}
		{B6405F32-3786-4B76-858E-5369037994B1} = {B640AD76-F982-4CBF-96AD-933E53524AA6}
		{6668BD35-0214-4EC2-AECB-9D0E40C0ACF4} = {B640AD76-F982-4CBF-96AD-933E53524AA6}
		{B8E330D4-3885-4058-AC5F-BCD1FE344D52} = {B640AD76-F982-4CBF-96AD-933E53524AA6}
	EndGlobalSection
EndGlobal
